
Microsoft Visual Studio Solution File, Format Version 12.00
# Visual Studio 15
VisualStudioVersion = 15.0.28010.2036
MinimumVisualStudioVersion = 10.0.40219.1
Project("{9A19103F-16F7-4668-BE54-9A1E7A4F7556}") = "Idoit.API.Client", "Idoit.API.Client\Idoit.API.Client.csproj", "{2F7B961A-C536-4A97-B22B-B83DABD73504}"
EndProject
Project("{FAE04EC0-301F-11D3-BF4B-00C04F79EFBC}") = "UnitTestApi", "UnitTestApi\UnitTestApi.csproj", "{EDE2ABB5-D723-45B9-ABAF-BD9A82F6346E}"
EndProject
Global
	GlobalSection(SolutionConfigurationPlatforms) = preSolution
		Debug|Any CPU = Debug|Any CPU
		Release|Any CPU = Release|Any CPU
	EndGlobalSection
	GlobalSection(ProjectConfigurationPlatforms) = postSolution
		{2F7B961A-C536-4A97-B22B-B83DABD73504}.Debug|Any CPU.ActiveCfg = Debug|Any CPU
		{2F7B961A-C536-4A97-B22B-B83DABD73504}.Debug|Any CPU.Build.0 = Debug|Any CPU
		{2F7B961A-C536-4A97-B22B-B83DABD73504}.Release|Any CPU.ActiveCfg = Release|Any CPU
		{2F7B961A-C536-4A97-B22B-B83DABD73504}.Release|Any CPU.Build.0 = Release|Any CPU
		{EDE2ABB5-D723-45B9-ABAF-BD9A82F6346E}.Debug|Any CPU.ActiveCfg = Debug|Any CPU
		{EDE2ABB5-D723-45B9-ABAF-BD9A82F6346E}.Debug|Any CPU.Build.0 = Debug|Any CPU
		{EDE2ABB5-D723-45B9-ABAF-BD9A82F6346E}.Release|Any CPU.ActiveCfg = Release|Any CPU
		{EDE2ABB5-D723-45B9-ABAF-BD9A82F6346E}.Release|Any CPU.Build.0 = Release|Any CPU
	EndGlobalSection
	GlobalSection(SolutionProperties) = preSolution
		HideSolutionNode = FALSE
	EndGlobalSection
	GlobalSection(ExtensibilityGlobals) = postSolution
		SolutionGuid = {84B0CD53-01F2-4414-A4A6-77B59EF71CF8}
	EndGlobalSection
EndGlobal
